
Microsoft Visual Studio Solution File, Format Version 12.00
# Visual Studio Version 17
VisualStudioVersion = 17.11.35303.130
MinimumVisualStudioVersion = 10.0.40219.1
Project("{FAE04EC0-301F-11D3-BF4B-00C04F79EFBC}") = "quizz", "quizz\quizz.csproj", "{105D751A-5AE9-4B3A-8188-386E51DD067F}"
EndProject
Project("{FAE04EC0-301F-11D3-BF4B-00C04F79EFBC}") = "models", "models\models.csproj", "{EEB2C2D5-34E5-46F7-AAC0-CEBFEA0129FE}"
EndProject
Project("{FAE04EC0-301F-11D3-BF4B-00C04F79EFBC}") = "Repository", "Repository\Repository.csproj", "{28D475D3-A502-4A66-8D55-0480DD044A12}"
EndProject
Global
	GlobalSection(SolutionConfigurationPlatforms) = preSolution
		Debug|Any CPU = Debug|Any CPU
		Release|Any CPU = Release|Any CPU
	EndGlobalSection
	GlobalSection(ProjectConfigurationPlatforms) = postSolution
		{105D751A-5AE9-4B3A-8188-386E51DD067F}.Debug|Any CPU.ActiveCfg = Debug|Any CPU
		{105D751A-5AE9-4B3A-8188-386E51DD067F}.Debug|Any CPU.Build.0 = Debug|Any CPU
		{105D751A-5AE9-4B3A-8188-386E51DD067F}.Release|Any CPU.ActiveCfg = Release|Any CPU
		{105D751A-5AE9-4B3A-8188-386E51DD067F}.Release|Any CPU.Build.0 = Release|Any CPU
		{EEB2C2D5-34E5-46F7-AAC0-CEBFEA0129FE}.Debug|Any CPU.ActiveCfg = Debug|Any CPU
		{EEB2C2D5-34E5-46F7-AAC0-CEBFEA0129FE}.Debug|Any CPU.Build.0 = Debug|Any CPU
		{EEB2C2D5-34E5-46F7-AAC0-CEBFEA0129FE}.Release|Any CPU.ActiveCfg = Release|Any CPU
		{EEB2C2D5-34E5-46F7-AAC0-CEBFEA0129FE}.Release|Any CPU.Build.0 = Release|Any CPU
		{28D475D3-A502-4A66-8D55-0480DD044A12}.Debug|Any CPU.ActiveCfg = Debug|Any CPU
		{28D475D3-A502-4A66-8D55-0480DD044A12}.Debug|Any CPU.Build.0 = Debug|Any CPU
		{28D475D3-A502-4A66-8D55-0480DD044A12}.Release|Any CPU.ActiveCfg = Release|Any CPU
		{28D475D3-A502-4A66-8D55-0480DD044A12}.Release|Any CPU.Build.0 = Release|Any CPU
	EndGlobalSection
	GlobalSection(SolutionProperties) = preSolution
		HideSolutionNode = FALSE
	EndGlobalSection
	GlobalSection(ExtensibilityGlobals) = postSolution
		SolutionGuid = {851711EA-67E8-4B7B-AE08-C31EC5A7B1DA}
	EndGlobalSection
EndGlobal
